// !$*UTF8*$!
{
	archiveVersion = 1;
	classes = {
	};
	objectVersion = 55;
	objects = {

/* Begin PBXBuildFile section */
		8867E3AF281ADA1F00264E12 /* RestartApp.swift in Sources */ = {isa = PBXBuildFile; fileRef = 8867E3AE281ADA1F00264E12 /* RestartApp.swift */; };
		8867E3B1281ADA1F00264E12 /* ContentView.swift in Sources */ = {isa = PBXBuildFile; fileRef = 8867E3B0281ADA1F00264E12 /* ContentView.swift */; };
		8867E3B3281ADA2000264E12 /* Assets.xcassets in Resources */ = {isa = PBXBuildFile; fileRef = 8867E3B2281ADA2000264E12 /* Assets.xcassets */; };
		8867E3B6281ADA2000264E12 /* Preview Assets.xcassets in Resources */ = {isa = PBXBuildFile; fileRef = 8867E3B5281ADA2000264E12 /* Preview Assets.xcassets */; };
		8867E3C0281ADA2000264E12 /* RestartTests.swift in Sources */ = {isa = PBXBuildFile; fileRef = 8867E3BF281ADA2000264E12 /* RestartTests.swift */; };
		8867E3CA281ADA2000264E12 /* RestartUITests.swift in Sources */ = {isa = PBXBuildFile; fileRef = 8867E3C9281ADA2000264E12 /* RestartUITests.swift */; };
		8867E3CC281ADA2000264E12 /* RestartUITestsLaunchTests.swift in Sources */ = {isa = PBXBuildFile; fileRef = 8867E3CB281ADA2000264E12 /* RestartUITestsLaunchTests.swift */; };
		8867E3DA281AE70F00264E12 /* chimeup.mp3 in Resources */ = {isa = PBXBuildFile; fileRef = 8867E3D8281AE70F00264E12 /* chimeup.mp3 */; };
		8867E3DB281AE70F00264E12 /* success.m4a in Resources */ = {isa = PBXBuildFile; fileRef = 8867E3D9281AE70F00264E12 /* success.m4a */; };
/* End PBXBuildFile section */

/* Begin PBXContainerItemProxy section */
		8867E3BC281ADA2000264E12 /* PBXContainerItemProxy */ = {
			isa = PBXContainerItemProxy;
			containerPortal = 8867E3A3281ADA1F00264E12 /* Project object */;
			proxyType = 1;
			remoteGlobalIDString = 8867E3AA281ADA1F00264E12;
			remoteInfo = Restart;
		};
		8867E3C6281ADA2000264E12 /* PBXContainerItemProxy */ = {
			isa = PBXContainerItemProxy;
			containerPortal = 8867E3A3281ADA1F00264E12 /* Project object */;
			proxyType = 1;
			remoteGlobalIDString = 8867E3AA281ADA1F00264E12;
			remoteInfo = Restart;
		};
/* End PBXContainerItemProxy section */

/* Begin PBXFileReference section */
		8867E3AB281ADA1F00264E12 /* Restart.app */ = {isa = PBXFileReference; explicitFileType = wrapper.application; includeInIndex = 0; path = Restart.app; sourceTree = BUILT_PRODUCTS_DIR; };
		8867E3AE281ADA1F00264E12 /* RestartApp.swift */ = {isa = PBXFileReference; lastKnownFileType = sourcecode.swift; path = RestartApp.swift; sourceTree = "<group>"; };
		8867E3B0281ADA1F00264E12 /* ContentView.swift */ = {isa = PBXFileReference; lastKnownFileType = sourcecode.swift; path = ContentView.swift; sourceTree = "<group>"; };
		8867E3B2281ADA2000264E12 /* Assets.xcassets */ = {isa = PBXFileReference; lastKnownFileType = folder.assetcatalog; path = Assets.xcassets; sourceTree = "<group>"; };
		8867E3B5281ADA2000264E12 /* Preview Assets.xcassets */ = {isa = PBXFileReference; lastKnownFileType = folder.assetcatalog; path = "Preview Assets.xcassets"; sourceTree = "<group>"; };
		8867E3BB281ADA2000264E12 /* RestartTests.xctest */ = {isa = PBXFileReference; explicitFileType = wrapper.cfbundle; includeInIndex = 0; path = RestartTests.xctest; sourceTree = BUILT_PRODUCTS_DIR; };
		8867E3BF281ADA2000264E12 /* RestartTests.swift */ = {isa = PBXFileReference; lastKnownFileType = sourcecode.swift; path = RestartTests.swift; sourceTree = "<group>"; };
		8867E3C5281ADA2000264E12 /* RestartUITests.xctest */ = {isa = PBXFileReference; explicitFileType = wrapper.cfbundle; includeInIndex = 0; path = RestartUITests.xctest; sourceTree = BUILT_PRODUCTS_DIR; };
		8867E3C9281ADA2000264E12 /* RestartUITests.swift */ = {isa = PBXFileReference; lastKnownFileType = sourcecode.swift; path = RestartUITests.swift; sourceTree = "<group>"; };
		8867E3CB281ADA2000264E12 /* RestartUITestsLaunchTests.swift */ = {isa = PBXFileReference; lastKnownFileType = sourcecode.swift; path = RestartUITestsLaunchTests.swift; sourceTree = "<group>"; };
		8867E3D8281AE70F00264E12 /* chimeup.mp3 */ = {isa = PBXFileReference; lastKnownFileType = audio.mp3; path = chimeup.mp3; sourceTree = "<group>"; };
		8867E3D9281AE70F00264E12 /* success.m4a */ = {isa = PBXFileReference; lastKnownFileType = file; path = success.m4a; sourceTree = "<group>"; };
/* End PBXFileReference section */

/* Begin PBXFrameworksBuildPhase section */
		8867E3A8281ADA1F00264E12 /* Frameworks */ = {
			isa = PBXFrameworksBuildPhase;
			buildActionMask = 2147483647;
			files = (
			);
			runOnlyForDeploymentPostprocessing = 0;
		};
		8867E3B8281ADA2000264E12 /* Frameworks */ = {
			isa = PBXFrameworksBuildPhase;
			buildActionMask = 2147483647;
			files = (
			);
			runOnlyForDeploymentPostprocessing = 0;
		};
		8867E3C2281ADA2000264E12 /* Frameworks */ = {
			isa = PBXFrameworksBuildPhase;
			buildActionMask = 2147483647;
			files = (
			);
			runOnlyForDeploymentPostprocessing = 0;
		};
/* End PBXFrameworksBuildPhase section */

/* Begin PBXGroup section */
		8867E3A2281ADA1F00264E12 = {
			isa = PBXGroup;
			children = (
				8867E3AD281ADA1F00264E12 /* Restart */,
				8867E3BE281ADA2000264E12 /* RestartTests */,
				8867E3C8281ADA2000264E12 /* RestartUITests */,
				8867E3AC281ADA1F00264E12 /* Products */,
			);
			sourceTree = "<group>";
		};
		8867E3AC281ADA1F00264E12 /* Products */ = {
			isa = PBXGroup;
			children = (
				8867E3AB281ADA1F00264E12 /* Restart.app */,
				8867E3BB281ADA2000264E12 /* RestartTests.xctest */,
				8867E3C5281ADA2000264E12 /* RestartUITests.xctest */,
			);
			name = Products;
			sourceTree = "<group>";
		};
		8867E3AD281ADA1F00264E12 /* Restart */ = {
			isa = PBXGroup;
			children = (
				8867E3DF281AEB4B00264E12 /* Utilities */,
				8867E3DE281AEB3500264E12 /* Views */,
				8867E3DD281AE75900264E12 /* Sounds */,
				8867E3B0281ADA1F00264E12 /* ContentView.swift */,
				8867E3AE281ADA1F00264E12 /* RestartApp.swift */,
				8867E3B2281ADA2000264E12 /* Assets.xcassets */,
				8867E3B4281ADA2000264E12 /* Preview Content */,
			);
			path = Restart;
			sourceTree = "<group>";
		};
		8867E3B4281ADA2000264E12 /* Preview Content */ = {
			isa = PBXGroup;
			children = (
				8867E3B5281ADA2000264E12 /* Preview Assets.xcassets */,
			);
			path = "Preview Content";
			sourceTree = "<group>";
		};
		8867E3BE281ADA2000264E12 /* RestartTests */ = {
			isa = PBXGroup;
			children = (
				8867E3BF281ADA2000264E12 /* RestartTests.swift */,
			);
			path = RestartTests;
			sourceTree = "<group>";
		};
		8867E3C8281ADA2000264E12 /* RestartUITests */ = {
			isa = PBXGroup;
			children = (
				8867E3C9281ADA2000264E12 /* RestartUITests.swift */,
				8867E3CB281ADA2000264E12 /* RestartUITestsLaunchTests.swift */,
			);
			path = RestartUITests;
			sourceTree = "<group>";
		};
		8867E3DD281AE75900264E12 /* Sounds */ = {
			isa = PBXGroup;
			children = (
				8867E3D8281AE70F00264E12 /* chimeup.mp3 */,
				8867E3D9281AE70F00264E12 /* success.m4a */,
			);
			path = Sounds;
			sourceTree = "<group>";
		};
		8867E3DE281AEB3500264E12 /* Views */ = {
			isa = PBXGroup;
			children = (
			);
			path = Views;
			sourceTree = "<group>";
		};
		8867E3DF281AEB4B00264E12 /* Utilities */ = {
			isa = PBXGroup;
			children = (
			);
			path = Utilities;
			sourceTree = "<group>";
		};
/* End PBXGroup section */

/* Begin PBXNativeTarget section */
		8867E3AA281ADA1F00264E12 /* Restart */ = {
			isa = PBXNativeTarget;
			buildConfigurationList = 8867E3CF281ADA2000264E12 /* Build configuration list for PBXNativeTarget "Restart" */;
			buildPhases = (
				8867E3A7281ADA1F00264E12 /* Sources */,
				8867E3A8281ADA1F00264E12 /* Frameworks */,
				8867E3A9281ADA1F00264E12 /* Resources */,
			);
			buildRules = (
			);
			dependencies = (
			);
			name = Restart;
			productName = Restart;
			productReference = 8867E3AB281ADA1F00264E12 /* Restart.app */;
			productType = "com.apple.product-type.application";
		};
		8867E3BA281ADA2000264E12 /* RestartTests */ = {
			isa = PBXNativeTarget;
			buildConfigurationList = 8867E3D2281ADA2000264E12 /* Build configuration list for PBXNativeTarget "RestartTests" */;
			buildPhases = (
				8867E3B7281ADA2000264E12 /* Sources */,
				8867E3B8281ADA2000264E12 /* Frameworks */,
				8867E3B9281ADA2000264E12 /* Resources */,
			);
			buildRules = (
			);
			dependencies = (
				8867E3BD281ADA2000264E12 /* PBXTargetDependency */,
			);
			name = RestartTests;
			productName = RestartTests;
			productReference = 8867E3BB281ADA2000264E12 /* RestartTests.xctest */;
			productType = "com.apple.product-type.bundle.unit-test";
		};
		8867E3C4281ADA2000264E12 /* RestartUITests */ = {
			isa = PBXNativeTarget;
			buildConfigurationList = 8867E3D5281ADA2000264E12 /* Build configuration list for PBXNativeTarget "RestartUITests" */;
			buildPhases = (
				8867E3C1281ADA2000264E12 /* Sources */,
				8867E3C2281ADA2000264E12 /* Frameworks */,
				8867E3C3281ADA2000264E12 /* Resources */,
			);
			buildRules = (
			);
			dependencies = (
				8867E3C7281ADA2000264E12 /* PBXTargetDependency */,
			);
			name = RestartUITests;
			productName = RestartUITests;
			productReference = 8867E3C5281ADA2000264E12 /* RestartUITests.xctest */;
			productType = "com.apple.product-type.bundle.ui-testing";
		};
/* End PBXNativeTarget section */

/* Begin PBXProject section */
		8867E3A3281ADA1F00264E12 /* Project object */ = {
			isa = PBXProject;
			attributes = {
				BuildIndependentTargetsInParallel = 1;
				LastSwiftUpdateCheck = 1330;
				LastUpgradeCheck = 1330;
				TargetAttributes = {
					8867E3AA281ADA1F00264E12 = {
						CreatedOnToolsVersion = 13.3.1;
					};
					8867E3BA281ADA2000264E12 = {
						CreatedOnToolsVersion = 13.3.1;
						TestTargetID = 8867E3AA281ADA1F00264E12;
					};
					8867E3C4281ADA2000264E12 = {
						CreatedOnToolsVersion = 13.3.1;
						TestTargetID = 8867E3AA281ADA1F00264E12;
					};
				};
			};
			buildConfigurationList = 8867E3A6281ADA1F00264E12 /* Build configuration list for PBXProject "Restart" */;
			compatibilityVersion = "Xcode 13.0";
			developmentRegion = en;
			hasScannedForEncodings = 0;
			knownRegions = (
				en,
				Base,
			);
			mainGroup = 8867E3A2281ADA1F00264E12;
			productRefGroup = 8867E3AC281ADA1F00264E12 /* Products */;
			projectDirPath = "";
			projectRoot = "";
			targets = (
				8867E3AA281ADA1F00264E12 /* Restart */,
				8867E3BA281ADA2000264E12 /* RestartTests */,
				8867E3C4281ADA2000264E12 /* RestartUITests */,
			);
		};
/* End PBXProject section */

/* Begin PBXResourcesBuildPhase section */
		8867E3A9281ADA1F00264E12 /* Resources */ = {
			isa = PBXResourcesBuildPhase;
			buildActionMask = 2147483647;
			files = (
				8867E3DB281AE70F00264E12 /* success.m4a in Resources */,
				8867E3DA281AE70F00264E12 /* chimeup.mp3 in Resources */,
				8867E3B6281ADA2000264E12 /* Preview Assets.xcassets in Resources */,
				8867E3B3281ADA2000264E12 /* Assets.xcassets in Resources */,
			);
			runOnlyForDeploymentPostprocessing = 0;
		};
		8867E3B9281ADA2000264E12 /* Resources */ = {
			isa = PBXResourcesBuildPhase;
			buildActionMask = 2147483647;
			files = (
			);
			runOnlyForDeploymentPostprocessing = 0;
		};
		8867E3C3281ADA2000264E12 /* Resources */ = {
			isa = PBXResourcesBuildPhase;
			buildActionMask = 2147483647;
			files = (
			);
			runOnlyForDeploymentPostprocessing = 0;
		};
/* End PBXResourcesBuildPhase section */

/* Begin PBXSourcesBuildPhase section */
		8867E3A7281ADA1F00264E12 /* Sources */ = {
			isa = PBXSourcesBuildPhase;
			buildActionMask = 2147483647;
			files = (
				8867E3B1281ADA1F00264E12 /* ContentView.swift in Sources */,
				8867E3AF281ADA1F00264E12 /* RestartApp.swift in Sources */,
			);
			runOnlyForDeploymentPostprocessing = 0;
		};
		8867E3B7281ADA2000264E12 /* Sources */ = {
			isa = PBXSourcesBuildPhase;
			buildActionMask = 2147483647;
			files = (
				8867E3C0281ADA2000264E12 /* RestartTests.swift in Sources */,
			);
			runOnlyForDeploymentPostprocessing = 0;
		};
		8867E3C1281ADA2000264E12 /* Sources */ = {
			isa = PBXSourcesBuildPhase;
			buildActionMask = 2147483647;
			files = (
				8867E3CC281ADA2000264E12 /* RestartUITestsLaunchTests.swift in Sources */,
				8867E3CA281ADA2000264E12 /* RestartUITests.swift in Sources */,
			);
			runOnlyForDeploymentPostprocessing = 0;
		};
/* End PBXSourcesBuildPhase section */

/* Begin PBXTargetDependency section */
		8867E3BD281ADA2000264E12 /* PBXTargetDependency */ = {
			isa = PBXTargetDependency;
			target = 8867E3AA281ADA1F00264E12 /* Restart */;
			targetProxy = 8867E3BC281ADA2000264E12 /* PBXContainerItemProxy */;
		};
		8867E3C7281ADA2000264E12 /* PBXTargetDependency */ = {
			isa = PBXTargetDependency;
			target = 8867E3AA281ADA1F00264E12 /* Restart */;
			targetProxy = 8867E3C6281ADA2000264E12 /* PBXContainerItemProxy */;
		};
/* End PBXTargetDependency section */

/* Begin XCBuildConfiguration section */
		8867E3CD281ADA2000264E12 /* Debug */ = {
			isa = XCBuildConfiguration;
			buildSettings = {
				ALWAYS_SEARCH_USER_PATHS = NO;
				CLANG_ANALYZER_NONNULL = YES;
				CLANG_ANALYZER_NUMBER_OBJECT_CONVERSION = YES_AGGRESSIVE;
				CLANG_CXX_LANGUAGE_STANDARD = "gnu++17";
				CLANG_ENABLE_MODULES = YES;
				CLANG_ENABLE_OBJC_ARC = YES;
				CLANG_ENABLE_OBJC_WEAK = YES;
				CLANG_WARN_BLOCK_CAPTURE_AUTORELEASING = YES;
				CLANG_WARN_BOOL_CONVERSION = YES;
				CLANG_WARN_COMMA = YES;
				CLANG_WARN_CONSTANT_CONVERSION = YES;
				CLANG_WARN_DEPRECATED_OBJC_IMPLEMENTATIONS = YES;
				CLANG_WARN_DIRECT_OBJC_ISA_USAGE = YES_ERROR;
				CLANG_WARN_DOCUMENTATION_COMMENTS = YES;
				CLANG_WARN_EMPTY_BODY = YES;
				CLANG_WARN_ENUM_CONVERSION = YES;
				CLANG_WARN_INFINITE_RECURSION = YES;
				CLANG_WARN_INT_CONVERSION = YES;
				CLANG_WARN_NON_LITERAL_NULL_CONVERSION = YES;
				CLANG_WARN_OBJC_IMPLICIT_RETAIN_SELF = YES;
				CLANG_WARN_OBJC_LITERAL_CONVERSION = YES;
				CLANG_WARN_OBJC_ROOT_CLASS = YES_ERROR;
				CLANG_WARN_QUOTED_INCLUDE_IN_FRAMEWORK_HEADER = YES;
				CLANG_WARN_RANGE_LOOP_ANALYSIS = YES;
				CLANG_WARN_STRICT_PROTOTYPES = YES;
				CLANG_WARN_SUSPICIOUS_MOVE = YES;
				CLANG_WARN_UNGUARDED_AVAILABILITY = YES_AGGRESSIVE;
				CLANG_WARN_UNREACHABLE_CODE = YES;
				CLANG_WARN__DUPLICATE_METHOD_MATCH = YES;
				COPY_PHASE_STRIP = NO;
				DEBUG_INFORMATION_FORMAT = dwarf;
				ENABLE_STRICT_OBJC_MSGSEND = YES;
				ENABLE_TESTABILITY = YES;
				GCC_C_LANGUAGE_STANDARD = gnu11;
				GCC_DYNAMIC_NO_PIC = NO;
				GCC_NO_COMMON_BLOCKS = YES;
				GCC_OPTIMIZATION_LEVEL = 0;
				GCC_PREPROCESSOR_DEFINITIONS = (
					"DEBUG=1",
					"$(inherited)",
				);
				GCC_WARN_64_TO_32_BIT_CONVERSION = YES;
				GCC_WARN_ABOUT_RETURN_TYPE = YES_ERROR;
				GCC_WARN_UNDECLARED_SELECTOR = YES;
				GCC_WARN_UNINITIALIZED_AUTOS = YES_AGGRESSIVE;
				GCC_WARN_UNUSED_FUNCTION = YES;
				GCC_WARN_UNUSED_VARIABLE = YES;
				IPHONEOS_DEPLOYMENT_TARGET = 15.4;
				MTL_ENABLE_DEBUG_INFO = INCLUDE_SOURCE;
				MTL_FAST_MATH = YES;
				ONLY_ACTIVE_ARCH = YES;
				SDKROOT = iphoneos;
				SWIFT_ACTIVE_COMPILATION_CONDITIONS = DEBUG;
				SWIFT_OPTIMIZATION_LEVEL = "-Onone";
			};
			name = Debug;
		};
		8867E3CE281ADA2000264E12 /* Release */ = {
			isa = XCBuildConfiguration;
			buildSettings = {
				ALWAYS_SEARCH_USER_PATHS = NO;
				CLANG_ANALYZER_NONNULL = YES;
				CLANG_ANALYZER_NUMBER_OBJECT_CONVERSION = YES_AGGRESSIVE;
				CLANG_CXX_LANGUAGE_STANDARD = "gnu++17";
				CLANG_ENABLE_MODULES = YES;
				CLANG_ENABLE_OBJC_ARC = YES;
				CLANG_ENABLE_OBJC_WEAK = YES;
				CLANG_WARN_BLOCK_CAPTURE_AUTORELEASING = YES;
				CLANG_WARN_BOOL_CONVERSION = YES;
				CLANG_WARN_COMMA = YES;
				CLANG_WARN_CONSTANT_CONVERSION = YES;
				CLANG_WARN_DEPRECATED_OBJC_IMPLEMENTATIONS = YES;
				CLANG_WARN_DIRECT_OBJC_ISA_USAGE = YES_ERROR;
				CLANG_WARN_DOCUMENTATION_COMMENTS = YES;
				CLANG_WARN_EMPTY_BODY = YES;
				CLANG_WARN_ENUM_CONVERSION = YES;
				CLANG_WARN_INFINITE_RECURSION = YES;
				CLANG_WARN_INT_CONVERSION = YES;
				CLANG_WARN_NON_LITERAL_NULL_CONVERSION = YES;
				CLANG_WARN_OBJC_IMPLICIT_RETAIN_SELF = YES;
				CLANG_WARN_OBJC_LITERAL_CONVERSION = YES;
				CLANG_WARN_OBJC_ROOT_CLASS = YES_ERROR;
				CLANG_WARN_QUOTED_INCLUDE_IN_FRAMEWORK_HEADER = YES;
				CLANG_WARN_RANGE_LOOP_ANALYSIS = YES;
				CLANG_WARN_STRICT_PROTOTYPES = YES;
				CLANG_WARN_SUSPICIOUS_MOVE = YES;
				CLANG_WARN_UNGUARDED_AVAILABILITY = YES_AGGRESSIVE;
				CLANG_WARN_UNREACHABLE_CODE = YES;
				CLANG_WARN__DUPLICATE_METHOD_MATCH = YES;
				COPY_PHASE_STRIP = NO;
				DEBUG_INFORMATION_FORMAT = "dwarf-with-dsym";
				ENABLE_NS_ASSERTIONS = NO;
				ENABLE_STRICT_OBJC_MSGSEND = YES;
				GCC_C_LANGUAGE_STANDARD = gnu11;
				GCC_NO_COMMON_BLOCKS = YES;
				GCC_WARN_64_TO_32_BIT_CONVERSION = YES;
				GCC_WARN_ABOUT_RETURN_TYPE = YES_ERROR;
				GCC_WARN_UNDECLARED_SELECTOR = YES;
				GCC_WARN_UNINITIALIZED_AUTOS = YES_AGGRESSIVE;
				GCC_WARN_UNUSED_FUNCTION = YES;
				GCC_WARN_UNUSED_VARIABLE = YES;
				IPHONEOS_DEPLOYMENT_TARGET = 15.4;
				MTL_ENABLE_DEBUG_INFO = NO;
				MTL_FAST_MATH = YES;
				SDKROOT = iphoneos;
				SWIFT_COMPILATION_MODE = wholemodule;
				SWIFT_OPTIMIZATION_LEVEL = "-O";
				VALIDATE_PRODUCT = YES;
			};
			name = Release;
		};
		8867E3D0281ADA2000264E12 /* Debug */ = {
			isa = XCBuildConfiguration;
			buildSettings = {
				ASSETCATALOG_COMPILER_APPICON_NAME = AppIcon;
				ASSETCATALOG_COMPILER_GLOBAL_ACCENT_COLOR_NAME = AccentColor;
				CODE_SIGN_STYLE = Automatic;
				CURRENT_PROJECT_VERSION = 1;
				DEVELOPMENT_ASSET_PATHS = "\"Restart/Preview Content\"";
				ENABLE_PREVIEWS = YES;
				GENERATE_INFOPLIST_FILE = YES;
				INFOPLIST_KEY_UIApplicationSceneManifest_Generation = YES;
				INFOPLIST_KEY_UIApplicationSupportsIndirectInputEvents = YES;
				INFOPLIST_KEY_UILaunchScreen_Generation = YES;
				INFOPLIST_KEY_UISupportedInterfaceOrientations_iPad = "UIInterfaceOrientationPortrait UIInterfaceOrientationPortraitUpsideDown UIInterfaceOrientationLandscapeLeft UIInterfaceOrientationLandscapeRight";
				INFOPLIST_KEY_UISupportedInterfaceOrientations_iPhone = "UIInterfaceOrientationPortrait UIInterfaceOrientationLandscapeLeft UIInterfaceOrientationLandscapeRight";
				LD_RUNPATH_SEARCH_PATHS = (
					"$(inherited)",
					"@executable_path/Frameworks",
				);
				MARKETING_VERSION = 1.0;
				PRODUCT_BUNDLE_IDENTIFIER = com.ridhomujizat.Restart;
				PRODUCT_NAME = "$(TARGET_NAME)";
				SWIFT_EMIT_LOC_STRINGS = YES;
				SWIFT_VERSION = 5.0;
				TARGETED_DEVICE_FAMILY = "1,2";
			};
			name = Debug;
		};
		8867E3D1281ADA2000264E12 /* Release */ = {
			isa = XCBuildConfiguration;
			buildSettings = {
				ASSETCATALOG_COMPILER_APPICON_NAME = AppIcon;
				ASSETCATALOG_COMPILER_GLOBAL_ACCENT_COLOR_NAME = AccentColor;
				CODE_SIGN_STYLE = Automatic;
				CURRENT_PROJECT_VERSION = 1;
				DEVELOPMENT_ASSET_PATHS = "\"Restart/Preview Content\"";
				ENABLE_PREVIEWS = YES;
				GENERATE_INFOPLIST_FILE = YES;
				INFOPLIST_KEY_UIApplicationSceneManifest_Generation = YES;
				INFOPLIST_KEY_UIApplicationSupportsIndirectInputEvents = YES;
				INFOPLIST_KEY_UILaunchScreen_Generation = YES;
				INFOPLIST_KEY_UISupportedInterfaceOrientations_iPad = "UIInterfaceOrientationPortrait UIInterfaceOrientationPortraitUpsideDown UIInterfaceOrientationLandscapeLeft UIInterfaceOrientationLandscapeRight";
				INFOPLIST_KEY_UISupportedInterfaceOrientations_iPhone = "UIInterfaceOrientationPortrait UIInterfaceOrientationLandscapeLeft UIInterfaceOrientationLandscapeRight";
				LD_RUNPATH_SEARCH_PATHS = (
					"$(inherited)",
					"@executable_path/Frameworks",
				);
				MARKETING_VERSION = 1.0;
				PRODUCT_BUNDLE_IDENTIFIER = com.ridhomujizat.Restart;
				PRODUCT_NAME = "$(TARGET_NAME)";
				SWIFT_EMIT_LOC_STRINGS = YES;
				SWIFT_VERSION = 5.0;
				TARGETED_DEVICE_FAMILY = "1,2";
			};
			name = Release;
		};
		8867E3D3281ADA2000264E12 /* Debug */ = {
			isa = XCBuildConfiguration;
			buildSettings = {
				ALWAYS_EMBED_SWIFT_STANDARD_LIBRARIES = YES;
				BUNDLE_LOADER = "$(TEST_HOST)";
				CODE_SIGN_STYLE = Automatic;
				CURRENT_PROJECT_VERSION = 1;
				GENERATE_INFOPLIST_FILE = YES;
				IPHONEOS_DEPLOYMENT_TARGET = 15.4;
				MARKETING_VERSION = 1.0;
				PRODUCT_BUNDLE_IDENTIFIER = com.ridhomujizat.RestartTests;
				PRODUCT_NAME = "$(TARGET_NAME)";
				SWIFT_EMIT_LOC_STRINGS = NO;
				SWIFT_VERSION = 5.0;
				TARGETED_DEVICE_FAMILY = "1,2";
				TEST_HOST = "$(BUILT_PRODUCTS_DIR)/Restart.app/Restart";
			};
			name = Debug;
		};
		8867E3D4281ADA2000264E12 /* Release */ = {
			isa = XCBuildConfiguration;
			buildSettings = {
				ALWAYS_EMBED_SWIFT_STANDARD_LIBRARIES = YES;
				BUNDLE_LOADER = "$(TEST_HOST)";
				CODE_SIGN_STYLE = Automatic;
				CURRENT_PROJECT_VERSION = 1;
				GENERATE_INFOPLIST_FILE = YES;
				IPHONEOS_DEPLOYMENT_TARGET = 15.4;
				MARKETING_VERSION = 1.0;
				PRODUCT_BUNDLE_IDENTIFIER = com.ridhomujizat.RestartTests;
				PRODUCT_NAME = "$(TARGET_NAME)";
				SWIFT_EMIT_LOC_STRINGS = NO;
				SWIFT_VERSION = 5.0;
				TARGETED_DEVICE_FAMILY = "1,2";
				TEST_HOST = "$(BUILT_PRODUCTS_DIR)/Restart.app/Restart";
			};
			name = Release;
		};
		8867E3D6281ADA2000264E12 /* Debug */ = {
			isa = XCBuildConfiguration;
			buildSettings = {
				ALWAYS_EMBED_SWIFT_STANDARD_LIBRARIES = YES;
				CODE_SIGN_STYLE = Automatic;
				CURRENT_PROJECT_VERSION = 1;
				GENERATE_INFOPLIST_FILE = YES;
				MARKETING_VERSION = 1.0;
				PRODUCT_BUNDLE_IDENTIFIER = com.ridhomujizat.RestartUITests;
				PRODUCT_NAME = "$(TARGET_NAME)";
				SWIFT_EMIT_LOC_STRINGS = NO;
				SWIFT_VERSION = 5.0;
				TARGETED_DEVICE_FAMILY = "1,2";
				TEST_TARGET_NAME = Restart;
			};
			name = Debug;
		};
		8867E3D7281ADA2000264E12 /* Release */ = {
			isa = XCBuildConfiguration;
			buildSettings = {
				ALWAYS_EMBED_SWIFT_STANDARD_LIBRARIES = YES;
				CODE_SIGN_STYLE = Automatic;
				CURRENT_PROJECT_VERSION = 1;
				GENERATE_INFOPLIST_FILE = YES;
				MARKETING_VERSION = 1.0;
				PRODUCT_BUNDLE_IDENTIFIER = com.ridhomujizat.RestartUITests;
				PRODUCT_NAME = "$(TARGET_NAME)";
				SWIFT_EMIT_LOC_STRINGS = NO;
				SWIFT_VERSION = 5.0;
				TARGETED_DEVICE_FAMILY = "1,2";
				TEST_TARGET_NAME = Restart;
			};
			name = Release;
		};
/* End XCBuildConfiguration section */

/* Begin XCConfigurationList section */
		8867E3A6281ADA1F00264E12 /* Build configuration list for PBXProject "Restart" */ = {
			isa = XCConfigurationList;
			buildConfigurations = (
				8867E3CD281ADA2000264E12 /* Debug */,
				8867E3CE281ADA2000264E12 /* Release */,
			);
			defaultConfigurationIsVisible = 0;
			defaultConfigurationName = Release;
		};
		8867E3CF281ADA2000264E12 /* Build configuration list for PBXNativeTarget "Restart" */ = {
			isa = XCConfigurationList;
			buildConfigurations = (
				8867E3D0281ADA2000264E12 /* Debug */,
				8867E3D1281ADA2000264E12 /* Release */,
			);
			defaultConfigurationIsVisible = 0;
			defaultConfigurationName = Release;
		};
		8867E3D2281ADA2000264E12 /* Build configuration list for PBXNativeTarget "RestartTests" */ = {
			isa = XCConfigurationList;
			buildConfigurations = (
				8867E3D3281ADA2000264E12 /* Debug */,
				8867E3D4281ADA2000264E12 /* Release */,
			);
			defaultConfigurationIsVisible = 0;
			defaultConfigurationName = Release;
		};
		8867E3D5281ADA2000264E12 /* Build configuration list for PBXNativeTarget "RestartUITests" */ = {
			isa = XCConfigurationList;
			buildConfigurations = (
				8867E3D6281ADA2000264E12 /* Debug */,
				8867E3D7281ADA2000264E12 /* Release */,
			);
			defaultConfigurationIsVisible = 0;
			defaultConfigurationName = Release;
		};
/* End XCConfigurationList section */
	};
	rootObject = 8867E3A3281ADA1F00264E12 /* Project object */;
}
